// !$*UTF8*$!
{
	archiveVersion = 1;
	classes = {
	};
	objectVersion = 55;
	objects = {

/* Begin PBXBuildFile section */
		756A68432876BDFE0035160C /* SwiftUIWithCombineApp.swift in Sources */ = {isa = PBXBuildFile; fileRef = 756A68422876BDFE0035160C /* SwiftUIWithCombineApp.swift */; };
		756A68452876BDFE0035160C /* ContentView.swift in Sources */ = {isa = PBXBuildFile; fileRef = 756A68442876BDFE0035160C /* ContentView.swift */; };
		756A68472876BE010035160C /* Assets.xcassets in Resources */ = {isa = PBXBuildFile; fileRef = 756A68462876BE010035160C /* Assets.xcassets */; };
		756A684A2876BE010035160C /* Preview Assets.xcassets in Resources */ = {isa = PBXBuildFile; fileRef = 756A68492876BE010035160C /* Preview Assets.xcassets */; };
/* End PBXBuildFile section */

/* Begin PBXContainerItemProxy section */
		756A68502876BE010035160C /* PBXContainerItemProxy */ = {
			isa = PBXContainerItemProxy;
			containerPortal = 756A68372876BDFE0035160C /* Project object */;
			proxyType = 1;
			remoteGlobalIDString = 756A683E2876BDFE0035160C;
			remoteInfo = SwiftUIWithCombine;
		};
		756A685A2876BE010035160C /* PBXContainerItemProxy */ = {
			isa = PBXContainerItemProxy;
			containerPortal = 756A68372876BDFE0035160C /* Project object */;
			proxyType = 1;
			remoteGlobalIDString = 756A683E2876BDFE0035160C;
			remoteInfo = SwiftUIWithCombine;
		};
/* End PBXContainerItemProxy section */

/* Begin PBXFileReference section */
		756A683F2876BDFE0035160C /* SwiftUIWithCombine.app */ = {isa = PBXFileReference; explicitFileType = wrapper.application; includeInIndex = 0; path = SwiftUIWithCombine.app; sourceTree = BUILT_PRODUCTS_DIR; };
		756A68422876BDFE0035160C /* SwiftUIWithCombineApp.swift */ = {isa = PBXFileReference; lastKnownFileType = sourcecode.swift; path = SwiftUIWithCombineApp.swift; sourceTree = "<group>"; };
		756A68442876BDFE0035160C /* ContentView.swift */ = {isa = PBXFileReference; lastKnownFileType = sourcecode.swift; path = ContentView.swift; sourceTree = "<group>"; };
		756A68462876BE010035160C /* Assets.xcassets */ = {isa = PBXFileReference; lastKnownFileType = folder.assetcatalog; path = Assets.xcassets; sourceTree = "<group>"; };
		756A68492876BE010035160C /* Preview Assets.xcassets */ = {isa = PBXFileReference; lastKnownFileType = folder.assetcatalog; path = "Preview Assets.xcassets"; sourceTree = "<group>"; };
		756A684F2876BE010035160C /* SwiftUIWithCombineTests.xctest */ = {isa = PBXFileReference; explicitFileType = wrapper.cfbundle; includeInIndex = 0; path = SwiftUIWithCombineTests.xctest; sourceTree = BUILT_PRODUCTS_DIR; };
		756A68592876BE010035160C /* SwiftUIWithCombineUITests.xctest */ = {isa = PBXFileReference; explicitFileType = wrapper.cfbundle; includeInIndex = 0; path = SwiftUIWithCombineUITests.xctest; sourceTree = BUILT_PRODUCTS_DIR; };
/* End PBXFileReference section */

/* Begin PBXFrameworksBuildPhase section */
		756A683C2876BDFE0035160C /* Frameworks */ = {
			isa = PBXFrameworksBuildPhase;
			buildActionMask = 2147483647;
			files = (
			);
			runOnlyForDeploymentPostprocessing = 0;
		};
		756A684C2876BE010035160C /* Frameworks */ = {
			isa = PBXFrameworksBuildPhase;
			buildActionMask = 2147483647;
			files = (
			);
			runOnlyForDeploymentPostprocessing = 0;
		};
		756A68562876BE010035160C /* Frameworks */ = {
			isa = PBXFrameworksBuildPhase;
			buildActionMask = 2147483647;
			files = (
			);
			runOnlyForDeploymentPostprocessing = 0;
		};
/* End PBXFrameworksBuildPhase section */

/* Begin PBXGroup section */
		756A68362876BDFE0035160C = {
			isa = PBXGroup;
			children = (
				756A68412876BDFE0035160C /* SwiftUIWithCombine */,
				756A68402876BDFE0035160C /* Products */,
			);
			sourceTree = "<group>";
		};
		756A68402876BDFE0035160C /* Products */ = {
			isa = PBXGroup;
			children = (
				756A683F2876BDFE0035160C /* SwiftUIWithCombine.app */,
				756A684F2876BE010035160C /* SwiftUIWithCombineTests.xctest */,
				756A68592876BE010035160C /* SwiftUIWithCombineUITests.xctest */,
			);
			name = Products;
			sourceTree = "<group>";
		};
		756A68412876BDFE0035160C /* SwiftUIWithCombine */ = {
			isa = PBXGroup;
			children = (
				756A68422876BDFE0035160C /* SwiftUIWithCombineApp.swift */,
				756A68442876BDFE0035160C /* ContentView.swift */,
				756A68462876BE010035160C /* Assets.xcassets */,
				756A68482876BE010035160C /* Preview Content */,
			);
			path = SwiftUIWithCombine;
			sourceTree = "<group>";
		};
		756A68482876BE010035160C /* Preview Content */ = {
			isa = PBXGroup;
			children = (
				756A68492876BE010035160C /* Preview Assets.xcassets */,
			);
			path = "Preview Content";
			sourceTree = "<group>";
		};
/* End PBXGroup section */

/* Begin PBXNativeTarget section */
		756A683E2876BDFE0035160C /* SwiftUIWithCombine */ = {
			isa = PBXNativeTarget;
			buildConfigurationList = 756A68632876BE010035160C /* Build configuration list for PBXNativeTarget "SwiftUIWithCombine" */;
			buildPhases = (
				756A683B2876BDFE0035160C /* Sources */,
				756A683C2876BDFE0035160C /* Frameworks */,
				756A683D2876BDFE0035160C /* Resources */,
			);
			buildRules = (
			);
			dependencies = (
			);
			name = SwiftUIWithCombine;
			productName = SwiftUIWithCombine;
			productReference = 756A683F2876BDFE0035160C /* SwiftUIWithCombine.app */;
			productType = "com.apple.product-type.application";
		};
		756A684E2876BE010035160C /* SwiftUIWithCombineTests */ = {
			isa = PBXNativeTarget;
			buildConfigurationList = 756A68662876BE010035160C /* Build configuration list for PBXNativeTarget "SwiftUIWithCombineTests" */;
			buildPhases = (
				756A684B2876BE010035160C /* Sources */,
				756A684C2876BE010035160C /* Frameworks */,
				756A684D2876BE010035160C /* Resources */,
			);
			buildRules = (
			);
			dependencies = (
				756A68512876BE010035160C /* PBXTargetDependency */,
			);
			name = SwiftUIWithCombineTests;
			productName = SwiftUIWithCombineTests;
			productReference = 756A684F2876BE010035160C /* SwiftUIWithCombineTests.xctest */;
			productType = "com.apple.product-type.bundle.unit-test";
		};
		756A68582876BE010035160C /* SwiftUIWithCombineUITests */ = {
			isa = PBXNativeTarget;
			buildConfigurationList = 756A68692876BE010035160C /* Build configuration list for PBXNativeTarget "SwiftUIWithCombineUITests" */;
			buildPhases = (
				756A68552876BE010035160C /* Sources */,
				756A68562876BE010035160C /* Frameworks */,
				756A68572876BE010035160C /* Resources */,
			);
			buildRules = (
			);
			dependencies = (
				756A685B2876BE010035160C /* PBXTargetDependency */,
			);
			name = SwiftUIWithCombineUITests;
			productName = SwiftUIWithCombineUITests;
			productReference = 756A68592876BE010035160C /* SwiftUIWithCombineUITests.xctest */;
			productType = "com.apple.product-type.bundle.ui-testing";
		};
/* End PBXNativeTarget section */

/* Begin PBXProject section */
		756A68372876BDFE0035160C /* Project object */ = {
			isa = PBXProject;
			attributes = {
				BuildIndependentTargetsInParallel = 1;
				LastSwiftUpdateCheck = 1340;
				LastUpgradeCheck = 1340;
				TargetAttributes = {
					756A683E2876BDFE0035160C = {
						CreatedOnToolsVersion = 13.4.1;
					};
					756A684E2876BE010035160C = {
						CreatedOnToolsVersion = 13.4.1;
						TestTargetID = 756A683E2876BDFE0035160C;
					};
					756A68582876BE010035160C = {
						CreatedOnToolsVersion = 13.4.1;
						TestTargetID = 756A683E2876BDFE0035160C;
					};
				};
			};
			buildConfigurationList = 756A683A2876BDFE0035160C /* Build configuration list for PBXProject "SwiftUIWithCombine" */;
			compatibilityVersion = "Xcode 13.0";
			developmentRegion = en;
			hasScannedForEncodings = 0;
			knownRegions = (
				en,
				Base,
			);
			mainGroup = 756A68362876BDFE0035160C;
			productRefGroup = 756A68402876BDFE0035160C /* Products */;
			projectDirPath = "";
			projectRoot = "";
			targets = (
				756A683E2876BDFE0035160C /* SwiftUIWithCombine */,
				756A684E2876BE010035160C /* SwiftUIWithCombineTests */,
				756A68582876BE010035160C /* SwiftUIWithCombineUITests */,
			);
		};
/* End PBXProject section */

/* Begin PBXResourcesBuildPhase section */
		756A683D2876BDFE0035160C /* Resources */ = {
			isa = PBXResourcesBuildPhase;
			buildActionMask = 2147483647;
			files = (
				756A684A2876BE010035160C /* Preview Assets.xcassets in Resources */,
				756A68472876BE010035160C /* Assets.xcassets in Resources */,
			);
			runOnlyForDeploymentPostprocessing = 0;
		};
		756A684D2876BE010035160C /* Resources */ = {
			isa = PBXResourcesBuildPhase;
			buildActionMask = 2147483647;
			files = (
			);
			runOnlyForDeploymentPostprocessing = 0;
		};
		756A68572876BE010035160C /* Resources */ = {
			isa = PBXResourcesBuildPhase;
			buildActionMask = 2147483647;
			files = (
			);
			runOnlyForDeploymentPostprocessing = 0;
		};
/* End PBXResourcesBuildPhase section */

/* Begin PBXSourcesBuildPhase section */
		756A683B2876BDFE0035160C /* Sources */ = {
			isa = PBXSourcesBuildPhase;
			buildActionMask = 2147483647;
			files = (
				756A68452876BDFE0035160C /* ContentView.swift in Sources */,
				756A68432876BDFE0035160C /* SwiftUIWithCombineApp.swift in Sources */,
			);
			runOnlyForDeploymentPostprocessing = 0;
		};
		756A684B2876BE010035160C /* Sources */ = {
			isa = PBXSourcesBuildPhase;
			buildActionMask = 2147483647;
			files = (
			);
			runOnlyForDeploymentPostprocessing = 0;
		};
		756A68552876BE010035160C /* Sources */ = {
			isa = PBXSourcesBuildPhase;
			buildActionMask = 2147483647;
			files = (
			);
			runOnlyForDeploymentPostprocessing = 0;
		};
/* End PBXSourcesBuildPhase section */

/* Begin PBXTargetDependency section */
		756A68512876BE010035160C /* PBXTargetDependency */ = {
			isa = PBXTargetDependency;
			target = 756A683E2876BDFE0035160C /* SwiftUIWithCombine */;
			targetProxy = 756A68502876BE010035160C /* PBXContainerItemProxy */;
		};
		756A685B2876BE010035160C /* PBXTargetDependency */ = {
			isa = PBXTargetDependency;
			target = 756A683E2876BDFE0035160C /* SwiftUIWithCombine */;
			targetProxy = 756A685A2876BE010035160C /* PBXContainerItemProxy */;
		};
/* End PBXTargetDependency section */

/* Begin XCBuildConfiguration section */
		756A68612876BE010035160C /* Debug */ = {
			isa = XCBuildConfiguration;
			buildSettings = {
				ALWAYS_SEARCH_USER_PATHS = NO;
				CLANG_ANALYZER_NONNULL = YES;
				CLANG_ANALYZER_NUMBER_OBJECT_CONVERSION = YES_AGGRESSIVE;
				CLANG_CXX_LANGUAGE_STANDARD = "gnu++17";
				CLANG_ENABLE_MODULES = YES;
				CLANG_ENABLE_OBJC_ARC = YES;
				CLANG_ENABLE_OBJC_WEAK = YES;
				CLANG_WARN_BLOCK_CAPTURE_AUTORELEASING = YES;
				CLANG_WARN_BOOL_CONVERSION = YES;
				CLANG_WARN_COMMA = YES;
				CLANG_WARN_CONSTANT_CONVERSION = YES;
				CLANG_WARN_DEPRECATED_OBJC_IMPLEMENTATIONS = YES;
				CLANG_WARN_DIRECT_OBJC_ISA_USAGE = YES_ERROR;
				CLANG_WARN_DOCUMENTATION_COMMENTS = YES;
				CLANG_WARN_EMPTY_BODY = YES;
				CLANG_WARN_ENUM_CONVERSION = YES;
				CLANG_WARN_INFINITE_RECURSION = YES;
				CLANG_WARN_INT_CONVERSION = YES;
				CLANG_WARN_NON_LITERAL_NULL_CONVERSION = YES;
				CLANG_WARN_OBJC_IMPLICIT_RETAIN_SELF = YES;
				CLANG_WARN_OBJC_LITERAL_CONVERSION = YES;
				CLANG_WARN_OBJC_ROOT_CLASS = YES_ERROR;
				CLANG_WARN_QUOTED_INCLUDE_IN_FRAMEWORK_HEADER = YES;
				CLANG_WARN_RANGE_LOOP_ANALYSIS = YES;
				CLANG_WARN_STRICT_PROTOTYPES = YES;
				CLANG_WARN_SUSPICIOUS_MOVE = YES;
				CLANG_WARN_UNGUARDED_AVAILABILITY = YES_AGGRESSIVE;
				CLANG_WARN_UNREACHABLE_CODE = YES;
				CLANG_WARN__DUPLICATE_METHOD_MATCH = YES;
				COPY_PHASE_STRIP = NO;
				DEBUG_INFORMATION_FORMAT = dwarf;
				ENABLE_STRICT_OBJC_MSGSEND = YES;
				ENABLE_TESTABILITY = YES;
				GCC_C_LANGUAGE_STANDARD = gnu11;
				GCC_DYNAMIC_NO_PIC = NO;
				GCC_NO_COMMON_BLOCKS = YES;
				GCC_OPTIMIZATION_LEVEL = 0;
				GCC_PREPROCESSOR_DEFINITIONS = (
					"DEBUG=1",
					"$(inherited)",
				);
				GCC_WARN_64_TO_32_BIT_CONVERSION = YES;
				GCC_WARN_ABOUT_RETURN_TYPE = YES_ERROR;
				GCC_WARN_UNDECLARED_SELECTOR = YES;
				GCC_WARN_UNINITIALIZED_AUTOS = YES_AGGRESSIVE;
				GCC_WARN_UNUSED_FUNCTION = YES;
				GCC_WARN_UNUSED_VARIABLE = YES;
				IPHONEOS_DEPLOYMENT_TARGET = 15.5;
				MTL_ENABLE_DEBUG_INFO = INCLUDE_SOURCE;
				MTL_FAST_MATH = YES;
				ONLY_ACTIVE_ARCH = YES;
				SDKROOT = iphoneos;
				SWIFT_ACTIVE_COMPILATION_CONDITIONS = DEBUG;
				SWIFT_OPTIMIZATION_LEVEL = "-Onone";
			};
			name = Debug;
		};
		756A68622876BE010035160C /* Release */ = {
			isa = XCBuildConfiguration;
			buildSettings = {
				ALWAYS_SEARCH_USER_PATHS = NO;
				CLANG_ANALYZER_NONNULL = YES;
				CLANG_ANALYZER_NUMBER_OBJECT_CONVERSION = YES_AGGRESSIVE;
				CLANG_CXX_LANGUAGE_STANDARD = "gnu++17";
				CLANG_ENABLE_MODULES = YES;
				CLANG_ENABLE_OBJC_ARC = YES;
				CLANG_ENABLE_OBJC_WEAK = YES;
				CLANG_WARN_BLOCK_CAPTURE_AUTORELEASING = YES;
				CLANG_WARN_BOOL_CONVERSION = YES;
				CLANG_WARN_COMMA = YES;
				CLANG_WARN_CONSTANT_CONVERSION = YES;
				CLANG_WARN_DEPRECATED_OBJC_IMPLEMENTATIONS = YES;
				CLANG_WARN_DIRECT_OBJC_ISA_USAGE = YES_ERROR;
				CLANG_WARN_DOCUMENTATION_COMMENTS = YES;
				CLANG_WARN_EMPTY_BODY = YES;
				CLANG_WARN_ENUM_CONVERSION = YES;
				CLANG_WARN_INFINITE_RECURSION = YES;
				CLANG_WARN_INT_CONVERSION = YES;
				CLANG_WARN_NON_LITERAL_NULL_CONVERSION = YES;
				CLANG_WARN_OBJC_IMPLICIT_RETAIN_SELF = YES;
				CLANG_WARN_OBJC_LITERAL_CONVERSION = YES;
				CLANG_WARN_OBJC_ROOT_CLASS = YES_ERROR;
				CLANG_WARN_QUOTED_INCLUDE_IN_FRAMEWORK_HEADER = YES;
				CLANG_WARN_RANGE_LOOP_ANALYSIS = YES;
				CLANG_WARN_STRICT_PROTOTYPES = YES;
				CLANG_WARN_SUSPICIOUS_MOVE = YES;
				CLANG_WARN_UNGUARDED_AVAILABILITY = YES_AGGRESSIVE;
				CLANG_WARN_UNREACHABLE_CODE = YES;
				CLANG_WARN__DUPLICATE_METHOD_MATCH = YES;
				COPY_PHASE_STRIP = NO;
				DEBUG_INFORMATION_FORMAT = "dwarf-with-dsym";
				ENABLE_NS_ASSERTIONS = NO;
				ENABLE_STRICT_OBJC_MSGSEND = YES;
				GCC_C_LANGUAGE_STANDARD = gnu11;
				GCC_NO_COMMON_BLOCKS = YES;
				GCC_WARN_64_TO_32_BIT_CONVERSION = YES;
				GCC_WARN_ABOUT_RETURN_TYPE = YES_ERROR;
				GCC_WARN_UNDECLARED_SELECTOR = YES;
				GCC_WARN_UNINITIALIZED_AUTOS = YES_AGGRESSIVE;
				GCC_WARN_UNUSED_FUNCTION = YES;
				GCC_WARN_UNUSED_VARIABLE = YES;
				IPHONEOS_DEPLOYMENT_TARGET = 15.5;
				MTL_ENABLE_DEBUG_INFO = NO;
				MTL_FAST_MATH = YES;
				SDKROOT = iphoneos;
				SWIFT_COMPILATION_MODE = wholemodule;
				SWIFT_OPTIMIZATION_LEVEL = "-O";
				VALIDATE_PRODUCT = YES;
			};
			name = Release;
		};
		756A68642876BE010035160C /* Debug */ = {
			isa = XCBuildConfiguration;
			buildSettings = {
				ASSETCATALOG_COMPILER_APPICON_NAME = AppIcon;
				ASSETCATALOG_COMPILER_GLOBAL_ACCENT_COLOR_NAME = AccentColor;
				CODE_SIGN_STYLE = Automatic;
				CURRENT_PROJECT_VERSION = 1;
				DEVELOPMENT_ASSET_PATHS = "\"SwiftUIWithCombine/Preview Content\"";
				DEVELOPMENT_TEAM = 3NDPBHQ9PJ;
				ENABLE_PREVIEWS = YES;
				GENERATE_INFOPLIST_FILE = YES;
				INFOPLIST_KEY_UIApplicationSceneManifest_Generation = YES;
				INFOPLIST_KEY_UIApplicationSupportsIndirectInputEvents = YES;
				INFOPLIST_KEY_UILaunchScreen_Generation = YES;
				INFOPLIST_KEY_UISupportedInterfaceOrientations_iPad = "UIInterfaceOrientationPortrait UIInterfaceOrientationPortraitUpsideDown UIInterfaceOrientationLandscapeLeft UIInterfaceOrientationLandscapeRight";
				INFOPLIST_KEY_UISupportedInterfaceOrientations_iPhone = "UIInterfaceOrientationPortrait UIInterfaceOrientationLandscapeLeft UIInterfaceOrientationLandscapeRight";
				LD_RUNPATH_SEARCH_PATHS = (
					"$(inherited)",
					"@executable_path/Frameworks",
				);
				MARKETING_VERSION = 1.0;
				PRODUCT_BUNDLE_IDENTIFIER = ru.ArturDokhno.SwiftUIWithCombine;
				PRODUCT_NAME = "$(TARGET_NAME)";
				SWIFT_EMIT_LOC_STRINGS = YES;
				SWIFT_VERSION = 5.0;
				TARGETED_DEVICE_FAMILY = "1,2";
			};
			name = Debug;
		};
		756A68652876BE010035160C /* Release */ = {
			isa = XCBuildConfiguration;
			buildSettings = {
				ASSETCATALOG_COMPILER_APPICON_NAME = AppIcon;
				ASSETCATALOG_COMPILER_GLOBAL_ACCENT_COLOR_NAME = AccentColor;
				CODE_SIGN_STYLE = Automatic;
				CURRENT_PROJECT_VERSION = 1;
				DEVELOPMENT_ASSET_PATHS = "\"SwiftUIWithCombine/Preview Content\"";
				DEVELOPMENT_TEAM = 3NDPBHQ9PJ;
				ENABLE_PREVIEWS = YES;
				GENERATE_INFOPLIST_FILE = YES;
				INFOPLIST_KEY_UIApplicationSceneManifest_Generation = YES;
				INFOPLIST_KEY_UIApplicationSupportsIndirectInputEvents = YES;
				INFOPLIST_KEY_UILaunchScreen_Generation = YES;
				INFOPLIST_KEY_UISupportedInterfaceOrientations_iPad = "UIInterfaceOrientationPortrait UIInterfaceOrientationPortraitUpsideDown UIInterfaceOrientationLandscapeLeft UIInterfaceOrientationLandscapeRight";
				INFOPLIST_KEY_UISupportedInterfaceOrientations_iPhone = "UIInterfaceOrientationPortrait UIInterfaceOrientationLandscapeLeft UIInterfaceOrientationLandscapeRight";
				LD_RUNPATH_SEARCH_PATHS = (
					"$(inherited)",
					"@executable_path/Frameworks",
				);
				MARKETING_VERSION = 1.0;
				PRODUCT_BUNDLE_IDENTIFIER = ru.ArturDokhno.SwiftUIWithCombine;
				PRODUCT_NAME = "$(TARGET_NAME)";
				SWIFT_EMIT_LOC_STRINGS = YES;
				SWIFT_VERSION = 5.0;
				TARGETED_DEVICE_FAMILY = "1,2";
			};
			name = Release;
		};
		756A68672876BE010035160C /* Debug */ = {
			isa = XCBuildConfiguration;
			buildSettings = {
				ALWAYS_EMBED_SWIFT_STANDARD_LIBRARIES = YES;
				BUNDLE_LOADER = "$(TEST_HOST)";
				CODE_SIGN_STYLE = Automatic;
				CURRENT_PROJECT_VERSION = 1;
				DEVELOPMENT_TEAM = 3NDPBHQ9PJ;
				GENERATE_INFOPLIST_FILE = YES;
				IPHONEOS_DEPLOYMENT_TARGET = 15.5;
				MARKETING_VERSION = 1.0;
				PRODUCT_BUNDLE_IDENTIFIER = ru.ArturDokhno.SwiftUIWithCombineTests;
				PRODUCT_NAME = "$(TARGET_NAME)";
				SWIFT_EMIT_LOC_STRINGS = NO;
				SWIFT_VERSION = 5.0;
				TARGETED_DEVICE_FAMILY = "1,2";
				TEST_HOST = "$(BUILT_PRODUCTS_DIR)/SwiftUIWithCombine.app/SwiftUIWithCombine";
			};
			name = Debug;
		};
		756A68682876BE010035160C /* Release */ = {
			isa = XCBuildConfiguration;
			buildSettings = {
				ALWAYS_EMBED_SWIFT_STANDARD_LIBRARIES = YES;
				BUNDLE_LOADER = "$(TEST_HOST)";
				CODE_SIGN_STYLE = Automatic;
				CURRENT_PROJECT_VERSION = 1;
				DEVELOPMENT_TEAM = 3NDPBHQ9PJ;
				GENERATE_INFOPLIST_FILE = YES;
				IPHONEOS_DEPLOYMENT_TARGET = 15.5;
				MARKETING_VERSION = 1.0;
				PRODUCT_BUNDLE_IDENTIFIER = ru.ArturDokhno.SwiftUIWithCombineTests;
				PRODUCT_NAME = "$(TARGET_NAME)";
				SWIFT_EMIT_LOC_STRINGS = NO;
				SWIFT_VERSION = 5.0;
				TARGETED_DEVICE_FAMILY = "1,2";
				TEST_HOST = "$(BUILT_PRODUCTS_DIR)/SwiftUIWithCombine.app/SwiftUIWithCombine";
			};
			name = Release;
		};
		756A686A2876BE010035160C /* Debug */ = {
			isa = XCBuildConfiguration;
			buildSettings = {
				ALWAYS_EMBED_SWIFT_STANDARD_LIBRARIES = YES;
				CODE_SIGN_STYLE = Automatic;
				CURRENT_PROJECT_VERSION = 1;
				DEVELOPMENT_TEAM = 3NDPBHQ9PJ;
				GENERATE_INFOPLIST_FILE = YES;
				MARKETING_VERSION = 1.0;
				PRODUCT_BUNDLE_IDENTIFIER = ru.ArturDokhno.SwiftUIWithCombineUITests;
				PRODUCT_NAME = "$(TARGET_NAME)";
				SWIFT_EMIT_LOC_STRINGS = NO;
				SWIFT_VERSION = 5.0;
				TARGETED_DEVICE_FAMILY = "1,2";
				TEST_TARGET_NAME = SwiftUIWithCombine;
			};
			name = Debug;
		};
		756A686B2876BE010035160C /* Release */ = {
			isa = XCBuildConfiguration;
			buildSettings = {
				ALWAYS_EMBED_SWIFT_STANDARD_LIBRARIES = YES;
				CODE_SIGN_STYLE = Automatic;
				CURRENT_PROJECT_VERSION = 1;
				DEVELOPMENT_TEAM = 3NDPBHQ9PJ;
				GENERATE_INFOPLIST_FILE = YES;
				MARKETING_VERSION = 1.0;
				PRODUCT_BUNDLE_IDENTIFIER = ru.ArturDokhno.SwiftUIWithCombineUITests;
				PRODUCT_NAME = "$(TARGET_NAME)";
				SWIFT_EMIT_LOC_STRINGS = NO;
				SWIFT_VERSION = 5.0;
				TARGETED_DEVICE_FAMILY = "1,2";
				TEST_TARGET_NAME = SwiftUIWithCombine;
			};
			name = Release;
		};
/* End XCBuildConfiguration section */

/* Begin XCConfigurationList section */
		756A683A2876BDFE0035160C /* Build configuration list for PBXProject "SwiftUIWithCombine" */ = {
			isa = XCConfigurationList;
			buildConfigurations = (
				756A68612876BE010035160C /* Debug */,
				756A68622876BE010035160C /* Release */,
			);
			defaultConfigurationIsVisible = 0;
			defaultConfigurationName = Release;
		};
		756A68632876BE010035160C /* Build configuration list for PBXNativeTarget "SwiftUIWithCombine" */ = {
			isa = XCConfigurationList;
			buildConfigurations = (
				756A68642876BE010035160C /* Debug */,
				756A68652876BE010035160C /* Release */,
			);
			defaultConfigurationIsVisible = 0;
			defaultConfigurationName = Release;
		};
		756A68662876BE010035160C /* Build configuration list for PBXNativeTarget "SwiftUIWithCombineTests" */ = {
			isa = XCConfigurationList;
			buildConfigurations = (
				756A68672876BE010035160C /* Debug */,
				756A68682876BE010035160C /* Release */,
			);
			defaultConfigurationIsVisible = 0;
			defaultConfigurationName = Release;
		};
		756A68692876BE010035160C /* Build configuration list for PBXNativeTarget "SwiftUIWithCombineUITests" */ = {
			isa = XCConfigurationList;
			buildConfigurations = (
				756A686A2876BE010035160C /* Debug */,
				756A686B2876BE010035160C /* Release */,
			);
			defaultConfigurationIsVisible = 0;
			defaultConfigurationName = Release;
		};
/* End XCConfigurationList section */
	};
	rootObject = 756A68372876BDFE0035160C /* Project object */;
}
